// !$*UTF8*$!
{
	archiveVersion = 1;
	classes = {
	};
	objectVersion = 48;
	objects = {

/* Begin PBXBuildFile section */
		19FDCCF5204E791200E49CD6 /* Images.xcassets in Resources */ = {isa = PBXBuildFile; fileRef = 19FDCCF4204E791200E49CD6 /* Images.xcassets */; };
		8B0918F0D4B5D5639585A9DC /* libPods-ShoppingList.a in Frameworks */ = {isa = PBXBuildFile; fileRef = C653C512825FAF9B91DC837A /* libPods-ShoppingList.a */; };
		9A04724A1F2B21710046E845 /* main.m in Sources */ = {isa = PBXBuildFile; fileRef = 9A0472491F2B21710046E845 /* main.m */; };
		9A04724D1F2B21710046E845 /* AppDelegate.m in Sources */ = {isa = PBXBuildFile; fileRef = 9A04724C1F2B21710046E845 /* AppDelegate.m */; };
		9A0472531F2B21710046E845 /* Main.storyboard in Resources */ = {isa = PBXBuildFile; fileRef = 9A0472511F2B21710046E845 /* Main.storyboard */; };
		9A0472551F2B21710046E845 /* Assets.xcassets in Resources */ = {isa = PBXBuildFile; fileRef = 9A0472541F2B21710046E845 /* Assets.xcassets */; };
		9A0472581F2B21710046E845 /* LaunchScreen.storyboard in Resources */ = {isa = PBXBuildFile; fileRef = 9A0472561F2B21710046E845 /* LaunchScreen.storyboard */; };
		9A0472641F2B91EB0046E845 /* SLMainTableViewController.m in Sources */ = {isa = PBXBuildFile; fileRef = 9A0472631F2B91EB0046E845 /* SLMainTableViewController.m */; };
		9A0472671F2B92430046E845 /* SLEditViewController.m in Sources */ = {isa = PBXBuildFile; fileRef = 9A0472661F2B92430046E845 /* SLEditViewController.m */; };
		9A21C6532133A31C00BC25F9 /* GoogleService-Info.plist in Resources */ = {isa = PBXBuildFile; fileRef = 9A21C6522133A31B00BC25F9 /* GoogleService-Info.plist */; };
		9A298D041F652BD1009C2BCB /* SLFontSettingTableViewController.m in Sources */ = {isa = PBXBuildFile; fileRef = 9A298D031F652BD1009C2BCB /* SLFontSettingTableViewController.m */; };
		9A298D071F65382D009C2BCB /* SLColorSettingCollectionViewController.m in Sources */ = {isa = PBXBuildFile; fileRef = 9A298D061F65382D009C2BCB /* SLColorSettingCollectionViewController.m */; };
		9A4C52C31F309611002AB587 /* SLShoppingListData.m in Sources */ = {isa = PBXBuildFile; fileRef = 9A4C52C21F309611002AB587 /* SLShoppingListData.m */; };
		9A85A6B21F64505C00D66D5F /* SLTabSettingTableViewController.m in Sources */ = {isa = PBXBuildFile; fileRef = 9A85A6B11F64505C00D66D5F /* SLTabSettingTableViewController.m */; };
		9A92114420C51B9200C8FA18 /* App2@2x.png in Resources */ = {isa = PBXBuildFile; fileRef = 9A92114320C51B9200C8FA18 /* App2@2x.png */; };
		9AA8F14821746CCD00CCCA9F /* UserNotifications.framework in Frameworks */ = {isa = PBXBuildFile; fileRef = 9AA8F14721746CCD00CCCA9F /* UserNotifications.framework */; };
		9AA9CFD01F643EAE00B025A1 /* SLSettingTableViewController.m in Sources */ = {isa = PBXBuildFile; fileRef = 9AA9CFCF1F643EAE00B025A1 /* SLSettingTableViewController.m */; };
		9AAA90211FBAFE9F009D1E58 /* SLTabMManager.m in Sources */ = {isa = PBXBuildFile; fileRef = 9AAA90201FBAFE9F009D1E58 /* SLTabMManager.m */; };
		9AC041642167381700C5AADF /* SLReminderSettingTableViewController.m in Sources */ = {isa = PBXBuildFile; fileRef = 9AC041632167381700C5AADF /* SLReminderSettingTableViewController.m */; };
		9AD4F34421E8F3BA002385C7 /* Localizable.strings in Resources */ = {isa = PBXBuildFile; fileRef = 9AD4F34621E8F3BA002385C7 /* Localizable.strings */; };
		9AF8BBCC20C58757000CA6CE /* icon_orange@2x.png in Resources */ = {isa = PBXBuildFile; fileRef = 9AF8BBCB20C58757000CA6CE /* icon_orange@2x.png */; };
		9AF8BBD820CF979E000CA6CE /* icon_775447@2x.png in Resources */ = {isa = PBXBuildFile; fileRef = 9AF8BBCD20CF979B000CA6CE /* icon_775447@2x.png */; };
		9AF8BBD920CF979E000CA6CE /* icon_FF003F@2x.png in Resources */ = {isa = PBXBuildFile; fileRef = 9AF8BBCE20CF979B000CA6CE /* icon_FF003F@2x.png */; };
		9AF8BBDA20CF979E000CA6CE /* icon_FF00BF@2x.png in Resources */ = {isa = PBXBuildFile; fileRef = 9AF8BBCF20CF979B000CA6CE /* icon_FF00BF@2x.png */; };
		9AF8BBDB20CF979E000CA6CE /* icon_4CAF4F@2x.png in Resources */ = {isa = PBXBuildFile; fileRef = 9AF8BBD020CF979B000CA6CE /* icon_4CAF4F@2x.png */; };
		9AF8BBDC20CF979E000CA6CE /* icon_FFBF00@2x.png in Resources */ = {isa = PBXBuildFile; fileRef = 9AF8BBD120CF979C000CA6CE /* icon_FFBF00@2x.png */; };
		9AF8BBDD20CF979E000CA6CE /* icon_009687@2x.png in Resources */ = {isa = PBXBuildFile; fileRef = 9AF8BBD220CF979C000CA6CE /* icon_009687@2x.png */; };
		9AF8BBDE20CF979E000CA6CE /* icon_000000@2x.png in Resources */ = {isa = PBXBuildFile; fileRef = 9AF8BBD320CF979C000CA6CE /* icon_000000@2x.png */; };
		9AF8BBDF20CF979E000CA6CE /* icon_0000FF@2x.png in Resources */ = {isa = PBXBuildFile; fileRef = 9AF8BBD420CF979D000CA6CE /* icon_0000FF@2x.png */; };
		9AF8BBE020CF979E000CA6CE /* icon_BF00FF@2x.png in Resources */ = {isa = PBXBuildFile; fileRef = 9AF8BBD520CF979D000CA6CE /* icon_BF00FF@2x.png */; };
		9AF8BBE120CF979E000CA6CE /* icon_1C1170@2x.png in Resources */ = {isa = PBXBuildFile; fileRef = 9AF8BBD620CF979D000CA6CE /* icon_1C1170@2x.png */; };
		9AF8BBE220CF979E000CA6CE /* icon_FF7F00@2x.png in Resources */ = {isa = PBXBuildFile; fileRef = 9AF8BBD720CF979D000CA6CE /* icon_FF7F00@2x.png */; };
/* End PBXBuildFile section */

/* Begin PBXFileReference section */
		19FDCCF4204E791200E49CD6 /* Images.xcassets */ = {isa = PBXFileReference; lastKnownFileType = folder.assetcatalog; path = Images.xcassets; sourceTree = "<group>"; };
		346EE38AA899B144DC3ED244 /* Pods-ShoppingList.release.xcconfig */ = {isa = PBXFileReference; includeInIndex = 1; lastKnownFileType = text.xcconfig; name = "Pods-ShoppingList.release.xcconfig"; path = "Pods/Target Support Files/Pods-ShoppingList/Pods-ShoppingList.release.xcconfig"; sourceTree = "<group>"; };
		6E1E3B6F2A42EB7CE2EC5D92 /* Pods-ShoppingList.debug.xcconfig */ = {isa = PBXFileReference; includeInIndex = 1; lastKnownFileType = text.xcconfig; name = "Pods-ShoppingList.debug.xcconfig"; path = "Pods/Target Support Files/Pods-ShoppingList/Pods-ShoppingList.debug.xcconfig"; sourceTree = "<group>"; };
		9A0472451F2B21710046E845 /* ShoppingList.app */ = {isa = PBXFileReference; explicitFileType = wrapper.application; includeInIndex = 0; path = ShoppingList.app; sourceTree = BUILT_PRODUCTS_DIR; };
		9A0472491F2B21710046E845 /* main.m */ = {isa = PBXFileReference; lastKnownFileType = sourcecode.c.objc; path = main.m; sourceTree = "<group>"; };
		9A04724B1F2B21710046E845 /* AppDelegate.h */ = {isa = PBXFileReference; lastKnownFileType = sourcecode.c.h; path = AppDelegate.h; sourceTree = "<group>"; };
		9A04724C1F2B21710046E845 /* AppDelegate.m */ = {isa = PBXFileReference; lastKnownFileType = sourcecode.c.objc; path = AppDelegate.m; sourceTree = "<group>"; };
		9A0472521F2B21710046E845 /* Base */ = {isa = PBXFileReference; lastKnownFileType = file.storyboard; name = Base; path = Base.lproj/Main.storyboard; sourceTree = "<group>"; };
		9A0472541F2B21710046E845 /* Assets.xcassets */ = {isa = PBXFileReference; lastKnownFileType = folder.assetcatalog; path = Assets.xcassets; sourceTree = "<group>"; };
		9A0472571F2B21710046E845 /* Base */ = {isa = PBXFileReference; lastKnownFileType = file.storyboard; name = Base; path = Base.lproj/LaunchScreen.storyboard; sourceTree = "<group>"; };
		9A0472591F2B21710046E845 /* Info.plist */ = {isa = PBXFileReference; lastKnownFileType = text.plist.xml; path = Info.plist; sourceTree = "<group>"; };
		9A0472621F2B91EB0046E845 /* SLMainTableViewController.h */ = {isa = PBXFileReference; fileEncoding = 4; lastKnownFileType = sourcecode.c.h; path = SLMainTableViewController.h; sourceTree = "<group>"; };
		9A0472631F2B91EB0046E845 /* SLMainTableViewController.m */ = {isa = PBXFileReference; fileEncoding = 4; lastKnownFileType = sourcecode.c.objc; path = SLMainTableViewController.m; sourceTree = "<group>"; };
		9A0472651F2B92430046E845 /* SLEditViewController.h */ = {isa = PBXFileReference; fileEncoding = 4; lastKnownFileType = sourcecode.c.h; path = SLEditViewController.h; sourceTree = "<group>"; };
		9A0472661F2B92430046E845 /* SLEditViewController.m */ = {isa = PBXFileReference; fileEncoding = 4; lastKnownFileType = sourcecode.c.objc; path = SLEditViewController.m; sourceTree = "<group>"; };
		9A0472681F2BA0FC0046E845 /* SLAddViewController.h */ = {isa = PBXFileReference; fileEncoding = 4; lastKnownFileType = sourcecode.c.h; path = SLAddViewController.h; sourceTree = "<group>"; };
		9A0472691F2BA0FC0046E845 /* SLAddViewController.m */ = {isa = PBXFileReference; fileEncoding = 4; lastKnownFileType = sourcecode.c.objc; path = SLAddViewController.m; sourceTree = "<group>"; };
		9A21C6522133A31B00BC25F9 /* GoogleService-Info.plist */ = {isa = PBXFileReference; fileEncoding = 4; lastKnownFileType = text.plist.xml; path = "GoogleService-Info.plist"; sourceTree = "<group>"; };
		9A298D021F652BD1009C2BCB /* SLFontSettingTableViewController.h */ = {isa = PBXFileReference; fileEncoding = 4; lastKnownFileType = sourcecode.c.h; path = SLFontSettingTableViewController.h; sourceTree = "<group>"; };
		9A298D031F652BD1009C2BCB /* SLFontSettingTableViewController.m */ = {isa = PBXFileReference; fileEncoding = 4; lastKnownFileType = sourcecode.c.objc; path = SLFontSettingTableViewController.m; sourceTree = "<group>"; };
		9A298D051F65382D009C2BCB /* SLColorSettingCollectionViewController.h */ = {isa = PBXFileReference; fileEncoding = 4; lastKnownFileType = sourcecode.c.h; path = SLColorSettingCollectionViewController.h; sourceTree = "<group>"; };
		9A298D061F65382D009C2BCB /* SLColorSettingCollectionViewController.m */ = {isa = PBXFileReference; fileEncoding = 4; lastKnownFileType = sourcecode.c.objc; path = SLColorSettingCollectionViewController.m; sourceTree = "<group>"; };
		9A4C52C11F309611002AB587 /* SLShoppingListData.h */ = {isa = PBXFileReference; fileEncoding = 4; lastKnownFileType = sourcecode.c.h; path = SLShoppingListData.h; sourceTree = "<group>"; };
		9A4C52C21F309611002AB587 /* SLShoppingListData.m */ = {isa = PBXFileReference; fileEncoding = 4; lastKnownFileType = sourcecode.c.objc; path = SLShoppingListData.m; sourceTree = "<group>"; };
		9A7902F91FA8870400BE4F70 /* ShoppingList.entitlements */ = {isa = PBXFileReference; lastKnownFileType = text.plist.entitlements; path = ShoppingList.entitlements; sourceTree = "<group>"; };
		9A85A6B01F64505C00D66D5F /* SLTabSettingTableViewController.h */ = {isa = PBXFileReference; fileEncoding = 4; lastKnownFileType = sourcecode.c.h; path = SLTabSettingTableViewController.h; sourceTree = "<group>"; };
		9A85A6B11F64505C00D66D5F /* SLTabSettingTableViewController.m */ = {isa = PBXFileReference; fileEncoding = 4; lastKnownFileType = sourcecode.c.objc; path = SLTabSettingTableViewController.m; sourceTree = "<group>"; };
		9A92114320C51B9200C8FA18 /* App2@2x.png */ = {isa = PBXFileReference; lastKnownFileType = image.png; path = "App2@2x.png"; sourceTree = "<group>"; };
		9AA8F14721746CCD00CCCA9F /* UserNotifications.framework */ = {isa = PBXFileReference; lastKnownFileType = wrapper.framework; name = UserNotifications.framework; path = System/Library/Frameworks/UserNotifications.framework; sourceTree = SDKROOT; };
		9AA9CFCE1F643EAE00B025A1 /* SLSettingTableViewController.h */ = {isa = PBXFileReference; fileEncoding = 4; lastKnownFileType = sourcecode.c.h; path = SLSettingTableViewController.h; sourceTree = "<group>"; };
		9AA9CFCF1F643EAE00B025A1 /* SLSettingTableViewController.m */ = {isa = PBXFileReference; fileEncoding = 4; lastKnownFileType = sourcecode.c.objc; path = SLSettingTableViewController.m; sourceTree = "<group>"; };
		9AAA901F1FBAFE9F009D1E58 /* SLTabMManager.h */ = {isa = PBXFileReference; lastKnownFileType = sourcecode.c.h; path = SLTabMManager.h; sourceTree = "<group>"; };
		9AAA90201FBAFE9F009D1E58 /* SLTabMManager.m */ = {isa = PBXFileReference; lastKnownFileType = sourcecode.c.objc; path = SLTabMManager.m; sourceTree = "<group>"; };
		9AC041622167381700C5AADF /* SLReminderSettingTableViewController.h */ = {isa = PBXFileReference; lastKnownFileType = sourcecode.c.h; path = SLReminderSettingTableViewController.h; sourceTree = "<group>"; };
		9AC041632167381700C5AADF /* SLReminderSettingTableViewController.m */ = {isa = PBXFileReference; lastKnownFileType = sourcecode.c.objc; path = SLReminderSettingTableViewController.m; sourceTree = "<group>"; };
		9AD4F33F21E89523002385C7 /* ja */ = {isa = PBXFileReference; lastKnownFileType = text.plist.strings; name = ja; path = ja.lproj/Main.strings; sourceTree = "<group>"; };
		9AD4F34021E89523002385C7 /* ja */ = {isa = PBXFileReference; lastKnownFileType = text.plist.strings; name = ja; path = ja.lproj/LaunchScreen.strings; sourceTree = "<group>"; };
		9AD4F34521E8F3BA002385C7 /* ja */ = {isa = PBXFileReference; lastKnownFileType = text.plist.strings; name = ja; path = ja.lproj/Localizable.strings; sourceTree = "<group>"; };
		9AD4F34721E8F3C0002385C7 /* en */ = {isa = PBXFileReference; lastKnownFileType = text.plist.strings; name = en; path = en.lproj/Localizable.strings; sourceTree = "<group>"; };
		9AF8BBCB20C58757000CA6CE /* icon_orange@2x.png */ = {isa = PBXFileReference; lastKnownFileType = image.png; path = "icon_orange@2x.png"; sourceTree = "<group>"; };
		9AF8BBCD20CF979B000CA6CE /* icon_775447@2x.png */ = {isa = PBXFileReference; lastKnownFileType = image.png; path = "icon_775447@2x.png"; sourceTree = "<group>"; };
		9AF8BBCE20CF979B000CA6CE /* icon_FF003F@2x.png */ = {isa = PBXFileReference; lastKnownFileType = image.png; path = "icon_FF003F@2x.png"; sourceTree = "<group>"; };
		9AF8BBCF20CF979B000CA6CE /* icon_FF00BF@2x.png */ = {isa = PBXFileReference; lastKnownFileType = image.png; path = "icon_FF00BF@2x.png"; sourceTree = "<group>"; };
		9AF8BBD020CF979B000CA6CE /* icon_4CAF4F@2x.png */ = {isa = PBXFileReference; lastKnownFileType = image.png; path = "icon_4CAF4F@2x.png"; sourceTree = "<group>"; };
		9AF8BBD120CF979C000CA6CE /* icon_FFBF00@2x.png */ = {isa = PBXFileReference; lastKnownFileType = image.png; path = "icon_FFBF00@2x.png"; sourceTree = "<group>"; };
		9AF8BBD220CF979C000CA6CE /* icon_009687@2x.png */ = {isa = PBXFileReference; lastKnownFileType = image.png; path = "icon_009687@2x.png"; sourceTree = "<group>"; };
		9AF8BBD320CF979C000CA6CE /* icon_000000@2x.png */ = {isa = PBXFileReference; lastKnownFileType = image.png; path = "icon_000000@2x.png"; sourceTree = "<group>"; };
		9AF8BBD420CF979D000CA6CE /* icon_0000FF@2x.png */ = {isa = PBXFileReference; lastKnownFileType = image.png; path = "icon_0000FF@2x.png"; sourceTree = "<group>"; };
		9AF8BBD520CF979D000CA6CE /* icon_BF00FF@2x.png */ = {isa = PBXFileReference; lastKnownFileType = image.png; path = "icon_BF00FF@2x.png"; sourceTree = "<group>"; };
		9AF8BBD620CF979D000CA6CE /* icon_1C1170@2x.png */ = {isa = PBXFileReference; lastKnownFileType = image.png; path = "icon_1C1170@2x.png"; sourceTree = "<group>"; };
		9AF8BBD720CF979D000CA6CE /* icon_FF7F00@2x.png */ = {isa = PBXFileReference; lastKnownFileType = image.png; path = "icon_FF7F00@2x.png"; sourceTree = "<group>"; };
		C653C512825FAF9B91DC837A /* libPods-ShoppingList.a */ = {isa = PBXFileReference; explicitFileType = archive.ar; includeInIndex = 0; path = "libPods-ShoppingList.a"; sourceTree = BUILT_PRODUCTS_DIR; };
/* End PBXFileReference section */

/* Begin PBXFrameworksBuildPhase section */
		9A0472421F2B21710046E845 /* Frameworks */ = {
			isa = PBXFrameworksBuildPhase;
			buildActionMask = 2147483647;
			files = (
				9AA8F14821746CCD00CCCA9F /* UserNotifications.framework in Frameworks */,
				8B0918F0D4B5D5639585A9DC /* libPods-ShoppingList.a in Frameworks */,
			);
			runOnlyForDeploymentPostprocessing = 0;
		};
/* End PBXFrameworksBuildPhase section */

/* Begin PBXGroup section */
		9A04723C1F2B21710046E845 = {
			isa = PBXGroup;
			children = (
				9A0472471F2B21710046E845 /* ShoppingList */,
				9A0472461F2B21710046E845 /* Products */,
				E2C8A86F5526E20ABE2B6623 /* Pods */,
				DD5D167B8B18269AE61CDB09 /* Frameworks */,
			);
			sourceTree = "<group>";
		};
		9A0472461F2B21710046E845 /* Products */ = {
			isa = PBXGroup;
			children = (
				9A0472451F2B21710046E845 /* ShoppingList.app */,
			);
			name = Products;
			sourceTree = "<group>";
		};
		9A0472471F2B21710046E845 /* ShoppingList */ = {
			isa = PBXGroup;
			children = (
				9A21C6522133A31B00BC25F9 /* GoogleService-Info.plist */,
				9AD4F34121E89561002385C7 /* icon */,
				9A7902F91FA8870400BE4F70 /* ShoppingList.entitlements */,
				9A04724B1F2B21710046E845 /* AppDelegate.h */,
				9A04724C1F2B21710046E845 /* AppDelegate.m */,
				9A0472511F2B21710046E845 /* Main.storyboard */,
				9A0472541F2B21710046E845 /* Assets.xcassets */,
				9A0472561F2B21710046E845 /* LaunchScreen.storyboard */,
				9A0472591F2B21710046E845 /* Info.plist */,
				9A0472481F2B21710046E845 /* Supporting Files */,
				9A0472621F2B91EB0046E845 /* SLMainTableViewController.h */,
				9A0472631F2B91EB0046E845 /* SLMainTableViewController.m */,
				9A0472651F2B92430046E845 /* SLEditViewController.h */,
				9A0472661F2B92430046E845 /* SLEditViewController.m */,
				9A0472681F2BA0FC0046E845 /* SLAddViewController.h */,
				9A0472691F2BA0FC0046E845 /* SLAddViewController.m */,
				9AA9CFCE1F643EAE00B025A1 /* SLSettingTableViewController.h */,
				9AA9CFCF1F643EAE00B025A1 /* SLSettingTableViewController.m */,
				9A4C52C41F309B42002AB587 /* Singleton */,
				9A85A6B01F64505C00D66D5F /* SLTabSettingTableViewController.h */,
				9A85A6B11F64505C00D66D5F /* SLTabSettingTableViewController.m */,
				9A298D021F652BD1009C2BCB /* SLFontSettingTableViewController.h */,
				9A298D031F652BD1009C2BCB /* SLFontSettingTableViewController.m */,
				9A298D051F65382D009C2BCB /* SLColorSettingCollectionViewController.h */,
				9A298D061F65382D009C2BCB /* SLColorSettingCollectionViewController.m */,
				9AC041622167381700C5AADF /* SLReminderSettingTableViewController.h */,
				9AC041632167381700C5AADF /* SLReminderSettingTableViewController.m */,
				19FDCCF4204E791200E49CD6 /* Images.xcassets */,
				9AD4F34621E8F3BA002385C7 /* Localizable.strings */,
			);
			path = ShoppingList;
			sourceTree = "<group>";
		};
		9A0472481F2B21710046E845 /* Supporting Files */ = {
			isa = PBXGroup;
			children = (
				9A0472491F2B21710046E845 /* main.m */,
			);
			name = "Supporting Files";
			sourceTree = "<group>";
		};
		9A4C52C41F309B42002AB587 /* Singleton */ = {
			isa = PBXGroup;
			children = (
				9A4C52C11F309611002AB587 /* SLShoppingListData.h */,
				9A4C52C21F309611002AB587 /* SLShoppingListData.m */,
				9AAA901F1FBAFE9F009D1E58 /* SLTabMManager.h */,
				9AAA90201FBAFE9F009D1E58 /* SLTabMManager.m */,
			);
			name = Singleton;
			sourceTree = "<group>";
		};
		9AD4F34121E89561002385C7 /* icon */ = {
			isa = PBXGroup;
			children = (
				9AF8BBD320CF979C000CA6CE /* icon_000000@2x.png */,
				9AF8BBD420CF979D000CA6CE /* icon_0000FF@2x.png */,
				9AF8BBD620CF979D000CA6CE /* icon_1C1170@2x.png */,
				9AF8BBD020CF979B000CA6CE /* icon_4CAF4F@2x.png */,
				9AF8BBD220CF979C000CA6CE /* icon_009687@2x.png */,
				9AF8BBCD20CF979B000CA6CE /* icon_775447@2x.png */,
				9AF8BBD520CF979D000CA6CE /* icon_BF00FF@2x.png */,
				9AF8BBCF20CF979B000CA6CE /* icon_FF00BF@2x.png */,
				9AF8BBCE20CF979B000CA6CE /* icon_FF003F@2x.png */,
				9AF8BBD720CF979D000CA6CE /* icon_FF7F00@2x.png */,
				9AF8BBD120CF979C000CA6CE /* icon_FFBF00@2x.png */,
				9AF8BBCB20C58757000CA6CE /* icon_orange@2x.png */,
				9A92114320C51B9200C8FA18 /* App2@2x.png */,
			);
			name = icon;
			sourceTree = "<group>";
		};
		DD5D167B8B18269AE61CDB09 /* Frameworks */ = {
			isa = PBXGroup;
			children = (
				9AA8F14721746CCD00CCCA9F /* UserNotifications.framework */,
				C653C512825FAF9B91DC837A /* libPods-ShoppingList.a */,
			);
			name = Frameworks;
			sourceTree = "<group>";
		};
		E2C8A86F5526E20ABE2B6623 /* Pods */ = {
			isa = PBXGroup;
			children = (
				6E1E3B6F2A42EB7CE2EC5D92 /* Pods-ShoppingList.debug.xcconfig */,
				346EE38AA899B144DC3ED244 /* Pods-ShoppingList.release.xcconfig */,
			);
			name = Pods;
			sourceTree = "<group>";
		};
/* End PBXGroup section */

/* Begin PBXNativeTarget section */
		9A0472441F2B21710046E845 /* ShoppingList */ = {
			isa = PBXNativeTarget;
			buildConfigurationList = 9A04725C1F2B21710046E845 /* Build configuration list for PBXNativeTarget "ShoppingList" */;
			buildPhases = (
				7119B9EF768D12859CDD7047 /* [CP] Check Pods Manifest.lock */,
				9A0472411F2B21710046E845 /* Sources */,
				9A0472421F2B21710046E845 /* Frameworks */,
				9A0472431F2B21710046E845 /* Resources */,
				9A21C6542133D1A500BC25F9 /* ShellScript */,
			);
			buildRules = (
			);
			dependencies = (
			);
			name = ShoppingList;
			productName = ShoppingList;
			productReference = 9A0472451F2B21710046E845 /* ShoppingList.app */;
			productType = "com.apple.product-type.application";
		};
/* End PBXNativeTarget section */

/* Begin PBXProject section */
		9A04723D1F2B21710046E845 /* Project object */ = {
			isa = PBXProject;
			attributes = {
				CLASSPREFIX = SL;
				LastUpgradeCheck = 0940;
				ORGANIZATIONNAME = "Zaw Ye Naing";
				TargetAttributes = {
					9A0472441F2B21710046E845 = {
						CreatedOnToolsVersion = 8.3.3;
						ProvisioningStyle = Manual;
						SystemCapabilities = {
							com.apple.Push = {
								enabled = 0;
							};
						};
					};
				};
			};
			buildConfigurationList = 9A0472401F2B21710046E845 /* Build configuration list for PBXProject "ShoppingList" */;
			compatibilityVersion = "Xcode 8.0";
			developmentRegion = English;
			hasScannedForEncodings = 0;
			knownRegions = (
				en,
				Base,
			);
			mainGroup = 9A04723C1F2B21710046E845;
			productRefGroup = 9A0472461F2B21710046E845 /* Products */;
			projectDirPath = "";
			projectRoot = "";
			targets = (
				9A0472441F2B21710046E845 /* ShoppingList */,
			);
		};
/* End PBXProject section */

/* Begin PBXResourcesBuildPhase section */
		9A0472431F2B21710046E845 /* Resources */ = {
			isa = PBXResourcesBuildPhase;
			buildActionMask = 2147483647;
			files = (
				9AF8BBD820CF979E000CA6CE /* icon_775447@2x.png in Resources */,
				9AF8BBDE20CF979E000CA6CE /* icon_000000@2x.png in Resources */,
				9AF8BBDD20CF979E000CA6CE /* icon_009687@2x.png in Resources */,
				9A0472581F2B21710046E845 /* LaunchScreen.storyboard in Resources */,
				9AF8BBE120CF979E000CA6CE /* icon_1C1170@2x.png in Resources */,
				9A92114420C51B9200C8FA18 /* App2@2x.png in Resources */,
				9AF8BBDF20CF979E000CA6CE /* icon_0000FF@2x.png in Resources */,
				9AF8BBDA20CF979E000CA6CE /* icon_FF00BF@2x.png in Resources */,
				19FDCCF5204E791200E49CD6 /* Images.xcassets in Resources */,
				9AF8BBD920CF979E000CA6CE /* icon_FF003F@2x.png in Resources */,
				9A0472551F2B21710046E845 /* Assets.xcassets in Resources */,
				9A21C6532133A31C00BC25F9 /* GoogleService-Info.plist in Resources */,
				9AF8BBDB20CF979E000CA6CE /* icon_4CAF4F@2x.png in Resources */,
				9AF8BBDC20CF979E000CA6CE /* icon_FFBF00@2x.png in Resources */,
				9A0472531F2B21710046E845 /* Main.storyboard in Resources */,
				9AF8BBCC20C58757000CA6CE /* icon_orange@2x.png in Resources */,
				9AD4F34421E8F3BA002385C7 /* Localizable.strings in Resources */,
				9AF8BBE220CF979E000CA6CE /* icon_FF7F00@2x.png in Resources */,
				9AF8BBE020CF979E000CA6CE /* icon_BF00FF@2x.png in Resources */,
			);
			runOnlyForDeploymentPostprocessing = 0;
		};
/* End PBXResourcesBuildPhase section */

/* Begin PBXShellScriptBuildPhase section */
		7119B9EF768D12859CDD7047 /* [CP] Check Pods Manifest.lock */ = {
			isa = PBXShellScriptBuildPhase;
			buildActionMask = 2147483647;
			files = (
			);
			inputPaths = (
				"${PODS_PODFILE_DIR_PATH}/Podfile.lock",
				"${PODS_ROOT}/Manifest.lock",
			);
			name = "[CP] Check Pods Manifest.lock";
			outputPaths = (
				"$(DERIVED_FILE_DIR)/Pods-ShoppingList-checkManifestLockResult.txt",
			);
			runOnlyForDeploymentPostprocessing = 0;
			shellPath = /bin/sh;
			shellScript = "diff \"${PODS_PODFILE_DIR_PATH}/Podfile.lock\" \"${PODS_ROOT}/Manifest.lock\" > /dev/null\nif [ $? != 0 ] ; then\n    # print error to STDERR\n    echo \"error: The sandbox is not in sync with the Podfile.lock. Run 'pod install' or update your CocoaPods installation.\" >&2\n    exit 1\nfi\n# This output is used by Xcode 'outputs' to avoid re-running this script phase.\necho \"SUCCESS\" > \"${SCRIPT_OUTPUT_FILE_0}\"\n";
			showEnvVarsInLog = 0;
		};
		9A21C6542133D1A500BC25F9 /* ShellScript */ = {
			isa = PBXShellScriptBuildPhase;
			buildActionMask = 2147483647;
			files = (
			);
			inputPaths = (
			);
			outputPaths = (
			);
			runOnlyForDeploymentPostprocessing = 0;
			shellPath = /bin/sh;
			shellScript = "\"${PODS_ROOT}/Fabric/run\" b2ec303bd9c59c9939ab2c223de273313b4f83b2 d683712fa09bd00bfde376f87f3953e29b0c4a85155431f7c87dc46779a660a9";
		};
/* End PBXShellScriptBuildPhase section */

/* Begin PBXSourcesBuildPhase section */
		9A0472411F2B21710046E845 /* Sources */ = {
			isa = PBXSourcesBuildPhase;
			buildActionMask = 2147483647;
			files = (
				9AAA90211FBAFE9F009D1E58 /* SLTabMManager.m in Sources */,
				9A04724D1F2B21710046E845 /* AppDelegate.m in Sources */,
				9A298D041F652BD1009C2BCB /* SLFontSettingTableViewController.m in Sources */,
				9A4C52C31F309611002AB587 /* SLShoppingListData.m in Sources */,
				9A0472641F2B91EB0046E845 /* SLMainTableViewController.m in Sources */,
				9AA9CFD01F643EAE00B025A1 /* SLSettingTableViewController.m in Sources */,
				9A85A6B21F64505C00D66D5F /* SLTabSettingTableViewController.m in Sources */,
				9A0472671F2B92430046E845 /* SLEditViewController.m in Sources */,
				9AC041642167381700C5AADF /* SLReminderSettingTableViewController.m in Sources */,
				9A298D071F65382D009C2BCB /* SLColorSettingCollectionViewController.m in Sources */,
				9A04724A1F2B21710046E845 /* main.m in Sources */,
			);
			runOnlyForDeploymentPostprocessing = 0;
		};
/* End PBXSourcesBuildPhase section */

/* Begin PBXVariantGroup section */
		9A0472511F2B21710046E845 /* Main.storyboard */ = {
			isa = PBXVariantGroup;
			children = (
				9A0472521F2B21710046E845 /* Base */,
				9AD4F33F21E89523002385C7 /* ja */,
			);
			name = Main.storyboard;
			sourceTree = "<group>";
		};
		9A0472561F2B21710046E845 /* LaunchScreen.storyboard */ = {
			isa = PBXVariantGroup;
			children = (
				9A0472571F2B21710046E845 /* Base */,
				9AD4F34021E89523002385C7 /* ja */,
			);
			name = LaunchScreen.storyboard;
			sourceTree = "<group>";
		};
		9AD4F34621E8F3BA002385C7 /* Localizable.strings */ = {
			isa = PBXVariantGroup;
			children = (
				9AD4F34521E8F3BA002385C7 /* ja */,
				9AD4F34721E8F3C0002385C7 /* en */,
			);
			name = Localizable.strings;
			sourceTree = "<group>";
		};
/* End PBXVariantGroup section */

/* Begin XCBuildConfiguration section */
		9A04725A1F2B21710046E845 /* Debug */ = {
			isa = XCBuildConfiguration;
			buildSettings = {
				ALWAYS_SEARCH_USER_PATHS = NO;
				CLANG_ANALYZER_LOCALIZABILITY_NONLOCALIZED = YES;
				CLANG_ANALYZER_NONNULL = YES;
				CLANG_ANALYZER_NUMBER_OBJECT_CONVERSION = YES_AGGRESSIVE;
				CLANG_CXX_LANGUAGE_STANDARD = "gnu++0x";
				CLANG_CXX_LIBRARY = "libc++";
				CLANG_ENABLE_MODULES = YES;
				CLANG_ENABLE_OBJC_ARC = YES;
				CLANG_WARN_BLOCK_CAPTURE_AUTORELEASING = YES;
				CLANG_WARN_BOOL_CONVERSION = YES;
				CLANG_WARN_COMMA = YES;
				CLANG_WARN_CONSTANT_CONVERSION = YES;
				CLANG_WARN_DEPRECATED_OBJC_IMPLEMENTATIONS = YES;
				CLANG_WARN_DIRECT_OBJC_ISA_USAGE = YES_ERROR;
				CLANG_WARN_DOCUMENTATION_COMMENTS = YES;
				CLANG_WARN_EMPTY_BODY = YES;
				CLANG_WARN_ENUM_CONVERSION = YES;
				CLANG_WARN_INFINITE_RECURSION = YES;
				CLANG_WARN_INT_CONVERSION = YES;
				CLANG_WARN_NON_LITERAL_NULL_CONVERSION = YES;
				CLANG_WARN_OBJC_IMPLICIT_RETAIN_SELF = YES;
				CLANG_WARN_OBJC_LITERAL_CONVERSION = YES;
				CLANG_WARN_OBJC_ROOT_CLASS = YES_ERROR;
				CLANG_WARN_RANGE_LOOP_ANALYSIS = YES;
				CLANG_WARN_STRICT_PROTOTYPES = YES;
				CLANG_WARN_SUSPICIOUS_MOVE = YES;
				CLANG_WARN_UNREACHABLE_CODE = YES;
				CLANG_WARN__DUPLICATE_METHOD_MATCH = YES;
				"CODE_SIGN_IDENTITY[sdk=iphoneos*]" = "iPhone Developer";
				COPY_PHASE_STRIP = NO;
				DEBUG_INFORMATION_FORMAT = dwarf;
				ENABLE_STRICT_OBJC_MSGSEND = YES;
				ENABLE_TESTABILITY = YES;
				GCC_C_LANGUAGE_STANDARD = gnu99;
				GCC_DYNAMIC_NO_PIC = NO;
				GCC_NO_COMMON_BLOCKS = YES;
				GCC_OPTIMIZATION_LEVEL = 0;
				GCC_PREPROCESSOR_DEFINITIONS = (
					"DEBUG=1",
					"$(inherited)",
				);
				GCC_WARN_64_TO_32_BIT_CONVERSION = YES;
				GCC_WARN_ABOUT_RETURN_TYPE = YES_ERROR;
				GCC_WARN_UNDECLARED_SELECTOR = YES;
				GCC_WARN_UNINITIALIZED_AUTOS = YES_AGGRESSIVE;
				GCC_WARN_UNUSED_FUNCTION = YES;
				GCC_WARN_UNUSED_VARIABLE = YES;
				IPHONEOS_DEPLOYMENT_TARGET = 10.3;
				MTL_ENABLE_DEBUG_INFO = YES;
				ONLY_ACTIVE_ARCH = YES;
				SDKROOT = iphoneos;
				TARGETED_DEVICE_FAMILY = "1,2";
			};
			name = Debug;
		};
		9A04725B1F2B21710046E845 /* Release */ = {
			isa = XCBuildConfiguration;
			buildSettings = {
				ALWAYS_SEARCH_USER_PATHS = NO;
				CLANG_ANALYZER_LOCALIZABILITY_NONLOCALIZED = YES;
				CLANG_ANALYZER_NONNULL = YES;
				CLANG_ANALYZER_NUMBER_OBJECT_CONVERSION = YES_AGGRESSIVE;
				CLANG_CXX_LANGUAGE_STANDARD = "gnu++0x";
				CLANG_CXX_LIBRARY = "libc++";
				CLANG_ENABLE_MODULES = YES;
				CLANG_ENABLE_OBJC_ARC = YES;
				CLANG_WARN_BLOCK_CAPTURE_AUTORELEASING = YES;
				CLANG_WARN_BOOL_CONVERSION = YES;
				CLANG_WARN_COMMA = YES;
				CLANG_WARN_CONSTANT_CONVERSION = YES;
				CLANG_WARN_DEPRECATED_OBJC_IMPLEMENTATIONS = YES;
				CLANG_WARN_DIRECT_OBJC_ISA_USAGE = YES_ERROR;
				CLANG_WARN_DOCUMENTATION_COMMENTS = YES;
				CLANG_WARN_EMPTY_BODY = YES;
				CLANG_WARN_ENUM_CONVERSION = YES;
				CLANG_WARN_INFINITE_RECURSION = YES;
				CLANG_WARN_INT_CONVERSION = YES;
				CLANG_WARN_NON_LITERAL_NULL_CONVERSION = YES;
				CLANG_WARN_OBJC_IMPLICIT_RETAIN_SELF = YES;
				CLANG_WARN_OBJC_LITERAL_CONVERSION = YES;
				CLANG_WARN_OBJC_ROOT_CLASS = YES_ERROR;
				CLANG_WARN_RANGE_LOOP_ANALYSIS = YES;
				CLANG_WARN_STRICT_PROTOTYPES = YES;
				CLANG_WARN_SUSPICIOUS_MOVE = YES;
				CLANG_WARN_UNREACHABLE_CODE = YES;
				CLANG_WARN__DUPLICATE_METHOD_MATCH = YES;
				"CODE_SIGN_IDENTITY[sdk=iphoneos*]" = "iPhone Developer";
				COPY_PHASE_STRIP = NO;
				DEBUG_INFORMATION_FORMAT = "dwarf-with-dsym";
				ENABLE_NS_ASSERTIONS = NO;
				ENABLE_STRICT_OBJC_MSGSEND = YES;
				GCC_C_LANGUAGE_STANDARD = gnu99;
				GCC_NO_COMMON_BLOCKS = YES;
				GCC_WARN_64_TO_32_BIT_CONVERSION = YES;
				GCC_WARN_ABOUT_RETURN_TYPE = YES_ERROR;
				GCC_WARN_UNDECLARED_SELECTOR = YES;
				GCC_WARN_UNINITIALIZED_AUTOS = YES_AGGRESSIVE;
				GCC_WARN_UNUSED_FUNCTION = YES;
				GCC_WARN_UNUSED_VARIABLE = YES;
				IPHONEOS_DEPLOYMENT_TARGET = 10.3;
				MTL_ENABLE_DEBUG_INFO = NO;
				SDKROOT = iphoneos;
				TARGETED_DEVICE_FAMILY = "1,2";
				VALIDATE_PRODUCT = YES;
			};
			name = Release;
		};
		9A04725D1F2B21710046E845 /* Debug */ = {
			isa = XCBuildConfiguration;
			baseConfigurationReference = 6E1E3B6F2A42EB7CE2EC5D92 /* Pods-ShoppingList.debug.xcconfig */;
			buildSettings = {
				ASSETCATALOG_COMPILER_APPICON_NAME = AppIcon;
				ASSETCATALOG_COMPILER_LAUNCHIMAGE_NAME = LaunchImage;
				CODE_SIGN_STYLE = Manual;
				DEVELOPMENT_TEAM = 83J5748TKW;
				FRAMEWORK_SEARCH_PATHS = (
					"$(inherited)",
					"$(PROJECT_DIR)",
				);
				INFOPLIST_FILE = ShoppingList/Info.plist;
				IPHONEOS_DEPLOYMENT_TARGET = 10.0;
				LD_RUNPATH_SEARCH_PATHS = "$(inherited) @executable_path/Frameworks";
				PRODUCT_BUNDLE_IDENTIFIER = "jp.shopping-memo.co";
				PRODUCT_NAME = "$(TARGET_NAME)";
				PROVISIONING_PROFILE = "1091a5ef-0c87-402f-bc45-4500fb4c5d23";
				PROVISIONING_PROFILE_SPECIFIER = "Shopping Memo";
				TARGETED_DEVICE_FAMILY = 1;
			};
			name = Debug;
		};
		9A04725E1F2B21710046E845 /* Release */ = {
			isa = XCBuildConfiguration;
			baseConfigurationReference = 346EE38AA899B144DC3ED244 /* Pods-ShoppingList.release.xcconfig */;
			buildSettings = {
				ASSETCATALOG_COMPILER_APPICON_NAME = AppIcon;
				ASSETCATALOG_COMPILER_LAUNCHIMAGE_NAME = LaunchImage;
				CODE_SIGN_STYLE = Manual;
				DEVELOPMENT_TEAM = 83J5748TKW;
				FRAMEWORK_SEARCH_PATHS = (
					"$(inherited)",
					"$(PROJECT_DIR)",
				);
				INFOPLIST_FILE = ShoppingList/Info.plist;
				IPHONEOS_DEPLOYMENT_TARGET = 10.0;
				LD_RUNPATH_SEARCH_PATHS = "$(inherited) @executable_path/Frameworks";
				PRODUCT_BUNDLE_IDENTIFIER = "jp.shopping-memo.co";
				PRODUCT_NAME = "$(TARGET_NAME)";
				PROVISIONING_PROFILE = "1091a5ef-0c87-402f-bc45-4500fb4c5d23";
				PROVISIONING_PROFILE_SPECIFIER = "Shopping Memo";
				TARGETED_DEVICE_FAMILY = 1;
			};
			name = Release;
		};
/* End XCBuildConfiguration section */

/* Begin XCConfigurationList section */
		9A0472401F2B21710046E845 /* Build configuration list for PBXProject "ShoppingList" */ = {
			isa = XCConfigurationList;
			buildConfigurations = (
				9A04725A1F2B21710046E845 /* Debug */,
				9A04725B1F2B21710046E845 /* Release */,
			);
			defaultConfigurationIsVisible = 0;
			defaultConfigurationName = Release;
		};
		9A04725C1F2B21710046E845 /* Build configuration list for PBXNativeTarget "ShoppingList" */ = {
			isa = XCConfigurationList;
			buildConfigurations = (
				9A04725D1F2B21710046E845 /* Debug */,
				9A04725E1F2B21710046E845 /* Release */,
			);
			defaultConfigurationIsVisible = 0;
			defaultConfigurationName = Release;
		};
/* End XCConfigurationList section */
	};
	rootObject = 9A04723D1F2B21710046E845 /* Project object */;
}
